
Microsoft Visual Studio Solution File, Format Version 12.00
# Visual Studio Version 17
VisualStudioVersion = 17.4.33103.184
MinimumVisualStudioVersion = 10.0.40219.1
Project("{FAE04EC0-301F-11D3-BF4B-00C04F79EFBC}") = "GeoFriend", "GeoFriend\GeoFriend.csproj", "{C813CBEA-AFA0-4FEF-96F0-19C5FBA27447}"
EndProject
Global
	GlobalSection(SolutionConfigurationPlatforms) = preSolution
		Debug|Any CPU = Debug|Any CPU
		Release|Any CPU = Release|Any CPU
	EndGlobalSection
	GlobalSection(ProjectConfigurationPlatforms) = postSolution
		{C813CBEA-AFA0-4FEF-96F0-19C5FBA27447}.Debug|Any CPU.ActiveCfg = Debug|Any CPU
		{C813CBEA-AFA0-4FEF-96F0-19C5FBA27447}.Debug|Any CPU.Build.0 = Debug|Any CPU
		{C813CBEA-AFA0-4FEF-96F0-19C5FBA27447}.Release|Any CPU.ActiveCfg = Release|Any CPU
		{C813CBEA-AFA0-4FEF-96F0-19C5FBA27447}.Release|Any CPU.Build.0 = Release|Any CPU
	EndGlobalSection
	GlobalSection(SolutionProperties) = preSolution
		HideSolutionNode = FALSE
	EndGlobalSection
	GlobalSection(ExtensibilityGlobals) = postSolution
		SolutionGuid = {84D747A9-3AD1-4BE0-A177-8A5179A09DDB}
	EndGlobalSection
EndGlobal
